
Microsoft Visual Studio Solution File, Format Version 12.00
# Visual Studio 2013
VisualStudioVersion = 12.0.31101.0
MinimumVisualStudioVersion = 10.0.40219.1
Project("{CAA73BB0-EF22-4D79-A57E-DF67B3BA9C80}") = "TDS_master", "TDS_master\TDS_master.scproj", "{4C698E07-1573-4448-AF4D-277B813946FC}"
EndProject
Project("{2150E333-8FDC-42A3-9474-1A3956D46DE8}") = ".tds", ".tds", "{8E0A9958-0A1E-4975-9762-34FE1EB207EA}"
	ProjectSection(SolutionItems) = preProject
		TdsGlobal.config = TdsGlobal.config
	EndProjectSection
EndProject
Project("{FAE04EC0-301F-11D3-BF4B-00C04F79EFBC}") = "ReadOnlyDataProvider.WebUI", "ReadOnlyDataProvider.WebUI\ReadOnlyDataProvider.WebUI.csproj", "{56836398-D5F2-45CE-8347-2EA6C40D93B6}"
EndProject
Project("{FAE04EC0-301F-11D3-BF4B-00C04F79EFBC}") = "ReadOnlyDataProvider.WebUI.Tests", "ReadOnlyDataProvider.WebUI.Tests\ReadOnlyDataProvider.WebUI.Tests.csproj", "{96482FE0-0B36-4AE0-BC17-BDE4E55E986D}"
EndProject
Global
	GlobalSection(SolutionConfigurationPlatforms) = preSolution
		Debug|Any CPU = Debug|Any CPU
		Release|Any CPU = Release|Any CPU
	EndGlobalSection
	GlobalSection(ProjectConfigurationPlatforms) = postSolution
		{4C698E07-1573-4448-AF4D-277B813946FC}.Debug|Any CPU.ActiveCfg = Debug|Any CPU
		{4C698E07-1573-4448-AF4D-277B813946FC}.Debug|Any CPU.Build.0 = Debug|Any CPU
		{4C698E07-1573-4448-AF4D-277B813946FC}.Debug|Any CPU.Deploy.0 = Debug|Any CPU
		{4C698E07-1573-4448-AF4D-277B813946FC}.Release|Any CPU.ActiveCfg = Release|Any CPU
		{4C698E07-1573-4448-AF4D-277B813946FC}.Release|Any CPU.Build.0 = Release|Any CPU
		{4C698E07-1573-4448-AF4D-277B813946FC}.Release|Any CPU.Deploy.0 = Release|Any CPU
		{56836398-D5F2-45CE-8347-2EA6C40D93B6}.Debug|Any CPU.ActiveCfg = Debug|Any CPU
		{56836398-D5F2-45CE-8347-2EA6C40D93B6}.Debug|Any CPU.Build.0 = Debug|Any CPU
		{56836398-D5F2-45CE-8347-2EA6C40D93B6}.Release|Any CPU.ActiveCfg = Release|Any CPU
		{56836398-D5F2-45CE-8347-2EA6C40D93B6}.Release|Any CPU.Build.0 = Release|Any CPU
		{96482FE0-0B36-4AE0-BC17-BDE4E55E986D}.Debug|Any CPU.ActiveCfg = Debug|Any CPU
		{96482FE0-0B36-4AE0-BC17-BDE4E55E986D}.Debug|Any CPU.Build.0 = Debug|Any CPU
		{96482FE0-0B36-4AE0-BC17-BDE4E55E986D}.Release|Any CPU.ActiveCfg = Release|Any CPU
		{96482FE0-0B36-4AE0-BC17-BDE4E55E986D}.Release|Any CPU.Build.0 = Release|Any CPU
	EndGlobalSection
	GlobalSection(SolutionProperties) = preSolution
		HideSolutionNode = FALSE
	EndGlobalSection
EndGlobal
